
Microsoft Visual Studio Solution File, Format Version 12.00
# Visual Studio Version 17
VisualStudioVersion = 17.7.34003.232
MinimumVisualStudioVersion = 10.0.40219.1
Project("{9A19103F-16F7-4668-BE54-9A1E7A4F7556}") = "IMS.WebApp", "IMS.WebApp\IMS.WebApp.csproj", "{54FEF340-A4C2-41C0-B846-64E35421AF80}"
EndProject
Project("{FAE04EC0-301F-11D3-BF4B-00C04F79EFBC}") = "IMS.UseCases", "IMS.UseCases\IMS.UseCases.csproj", "{36282F92-399C-440B-B2EC-3A35F7A56260}"
EndProject
Project("{FAE04EC0-301F-11D3-BF4B-00C04F79EFBC}") = "IMS.CoreBusiness", "IMS.CoreBusiness\IMS.CoreBusiness.csproj", "{80B96C1A-8BBC-4B59-ABE1-51A8197F3108}"
EndProject
Project("{2150E333-8FDC-42A3-9474-1A3956D46DE8}") = "IMS.Plugins", "IMS.Plugins", "{15ABBB44-AA75-4A8B-9306-6F13DF79E9BC}"
EndProject
Project("{FAE04EC0-301F-11D3-BF4B-00C04F79EFBC}") = "IMS.Plugins.InMemory", "IMS.Plugins\IMS.Plugins.InMemory\IMS.Plugins.InMemory.csproj", "{C013FC78-BC8C-488F-8900-0AD27D118F1B}"
EndProject
Global
	GlobalSection(SolutionConfigurationPlatforms) = preSolution
		Debug|Any CPU = Debug|Any CPU
		Release|Any CPU = Release|Any CPU
	EndGlobalSection
	GlobalSection(ProjectConfigurationPlatforms) = postSolution
		{54FEF340-A4C2-41C0-B846-64E35421AF80}.Debug|Any CPU.ActiveCfg = Debug|Any CPU
		{54FEF340-A4C2-41C0-B846-64E35421AF80}.Debug|Any CPU.Build.0 = Debug|Any CPU
		{54FEF340-A4C2-41C0-B846-64E35421AF80}.Release|Any CPU.ActiveCfg = Release|Any CPU
		{54FEF340-A4C2-41C0-B846-64E35421AF80}.Release|Any CPU.Build.0 = Release|Any CPU
		{36282F92-399C-440B-B2EC-3A35F7A56260}.Debug|Any CPU.ActiveCfg = Debug|Any CPU
		{36282F92-399C-440B-B2EC-3A35F7A56260}.Debug|Any CPU.Build.0 = Debug|Any CPU
		{36282F92-399C-440B-B2EC-3A35F7A56260}.Release|Any CPU.ActiveCfg = Release|Any CPU
		{36282F92-399C-440B-B2EC-3A35F7A56260}.Release|Any CPU.Build.0 = Release|Any CPU
		{80B96C1A-8BBC-4B59-ABE1-51A8197F3108}.Debug|Any CPU.ActiveCfg = Debug|Any CPU
		{80B96C1A-8BBC-4B59-ABE1-51A8197F3108}.Debug|Any CPU.Build.0 = Debug|Any CPU
		{80B96C1A-8BBC-4B59-ABE1-51A8197F3108}.Release|Any CPU.ActiveCfg = Release|Any CPU
		{80B96C1A-8BBC-4B59-ABE1-51A8197F3108}.Release|Any CPU.Build.0 = Release|Any CPU
		{C013FC78-BC8C-488F-8900-0AD27D118F1B}.Debug|Any CPU.ActiveCfg = Debug|Any CPU
		{C013FC78-BC8C-488F-8900-0AD27D118F1B}.Debug|Any CPU.Build.0 = Debug|Any CPU
		{C013FC78-BC8C-488F-8900-0AD27D118F1B}.Release|Any CPU.ActiveCfg = Release|Any CPU
		{C013FC78-BC8C-488F-8900-0AD27D118F1B}.Release|Any CPU.Build.0 = Release|Any CPU
	EndGlobalSection
	GlobalSection(SolutionProperties) = preSolution
		HideSolutionNode = FALSE
	EndGlobalSection
	GlobalSection(NestedProjects) = preSolution
		{C013FC78-BC8C-488F-8900-0AD27D118F1B} = {15ABBB44-AA75-4A8B-9306-6F13DF79E9BC}
	EndGlobalSection
	GlobalSection(ExtensibilityGlobals) = postSolution
		SolutionGuid = {3CF2ABA5-9B4E-45E3-99D1-A4C1AC2812B5}
	EndGlobalSection
EndGlobal
